
Microsoft Visual Studio Solution File, Format Version 12.00
# Visual Studio Version 16
VisualStudioVersion = 16.0.30330.147
MinimumVisualStudioVersion = 10.0.40219.1
Project("{9A19103F-16F7-4668-BE54-9A1E7A4F7556}") = "ConsoleApp12", "ConsoleApp12\ConsoleApp12.csproj", "{99BEA93C-449A-4E1B-9DD5-86BBBBEA8073}"
EndProject
Global
	GlobalSection(SolutionConfigurationPlatforms) = preSolution
		Debug|Any CPU = Debug|Any CPU
		Release|Any CPU = Release|Any CPU
	EndGlobalSection
	GlobalSection(ProjectConfigurationPlatforms) = postSolution
		{99BEA93C-449A-4E1B-9DD5-86BBBBEA8073}.Debug|Any CPU.ActiveCfg = Debug|Any CPU
		{99BEA93C-449A-4E1B-9DD5-86BBBBEA8073}.Debug|Any CPU.Build.0 = Debug|Any CPU
		{99BEA93C-449A-4E1B-9DD5-86BBBBEA8073}.Release|Any CPU.ActiveCfg = Release|Any CPU
		{99BEA93C-449A-4E1B-9DD5-86BBBBEA8073}.Release|Any CPU.Build.0 = Release|Any CPU
	EndGlobalSection
	GlobalSection(SolutionProperties) = preSolution
		HideSolutionNode = FALSE
	EndGlobalSection
	GlobalSection(ExtensibilityGlobals) = postSolution
		SolutionGuid = {B2C3EBA5-41A8-42E0-8222-9498BB66EEF9}
	EndGlobalSection
EndGlobal
